
Microsoft Visual Studio Solution File, Format Version 12.00
# Visual Studio Version 17
VisualStudioVersion = 17.4.33213.308
MinimumVisualStudioVersion = 10.0.40219.1
Project("{F184B08F-C81C-45F6-A57F-5ABD9991F28F}") = "ELEMTARY ONLINE ENROLLMENT SYSTEM", "ELEMTARY ONLINE ENROLLMENT SYSTEM\ELEMTARY ONLINE ENROLLMENT SYSTEM.vbproj", "{3B0E3E55-D0C1-40BC-A70E-ED698B5BD880}"
EndProject
Global
	GlobalSection(SolutionConfigurationPlatforms) = preSolution
		Debug|Any CPU = Debug|Any CPU
		Release|Any CPU = Release|Any CPU
	EndGlobalSection
	GlobalSection(ProjectConfigurationPlatforms) = postSolution
		{3B0E3E55-D0C1-40BC-A70E-ED698B5BD880}.Debug|Any CPU.ActiveCfg = Debug|Any CPU
		{3B0E3E55-D0C1-40BC-A70E-ED698B5BD880}.Debug|Any CPU.Build.0 = Debug|Any CPU
		{3B0E3E55-D0C1-40BC-A70E-ED698B5BD880}.Release|Any CPU.ActiveCfg = Release|Any CPU
		{3B0E3E55-D0C1-40BC-A70E-ED698B5BD880}.Release|Any CPU.Build.0 = Release|Any CPU
	EndGlobalSection
	GlobalSection(SolutionProperties) = preSolution
		HideSolutionNode = FALSE
	EndGlobalSection
	GlobalSection(ExtensibilityGlobals) = postSolution
		SolutionGuid = {52D8BCB8-0E72-40F6-995B-BE7C32CD1C9D}
	EndGlobalSection
EndGlobal
